// !$*UTF8*$!
{
	archiveVersion = 1;
	classes = {
	};
	objectVersion = 46;
	objects = {

/* Begin PBXBuildFile section */
		4B054C991772637D00353C5F /* EasyCatalogModel.xcdatamodeld in Sources */ = {isa = PBXBuildFile; fileRef = 4B054C971772637D00353C5F /* EasyCatalogModel.xcdatamodeld */; };
		E4B858F9175EB51400C88BB0 /* UIKit.framework in Frameworks */ = {isa = PBXBuildFile; fileRef = E4B858F8175EB51400C88BB0 /* UIKit.framework */; };
		E4B858FB175EB51400C88BB0 /* Foundation.framework in Frameworks */ = {isa = PBXBuildFile; fileRef = E4B858FA175EB51400C88BB0 /* Foundation.framework */; };
		E4B858FD175EB51400C88BB0 /* CoreGraphics.framework in Frameworks */ = {isa = PBXBuildFile; fileRef = E4B858FC175EB51400C88BB0 /* CoreGraphics.framework */; };
		E4B85903175EB51400C88BB0 /* InfoPlist.strings in Resources */ = {isa = PBXBuildFile; fileRef = E4B85901175EB51400C88BB0 /* InfoPlist.strings */; };
		E4B85905175EB51400C88BB0 /* main.m in Sources */ = {isa = PBXBuildFile; fileRef = E4B85904175EB51400C88BB0 /* main.m */; };
		E4B85909175EB51400C88BB0 /* AppDelegate.m in Sources */ = {isa = PBXBuildFile; fileRef = E4B85908175EB51400C88BB0 /* AppDelegate.m */; };
		E4B8590B175EB51400C88BB0 /* Default.png in Resources */ = {isa = PBXBuildFile; fileRef = E4B8590A175EB51400C88BB0 /* Default.png */; };
		E4B8590D175EB51400C88BB0 /* Default@2x.png in Resources */ = {isa = PBXBuildFile; fileRef = E4B8590C175EB51400C88BB0 /* Default@2x.png */; };
		E4B8590F175EB51400C88BB0 /* Default-568h@2x.png in Resources */ = {isa = PBXBuildFile; fileRef = E4B8590E175EB51400C88BB0 /* Default-568h@2x.png */; };
		E4B85912175EB51400C88BB0 /* MainStoryboard.storyboard in Resources */ = {isa = PBXBuildFile; fileRef = E4B85910175EB51400C88BB0 /* MainStoryboard.storyboard */; };
		E4B85915175EB51400C88BB0 /* ViewController.m in Sources */ = {isa = PBXBuildFile; fileRef = E4B85914175EB51400C88BB0 /* ViewController.m */; };
		E4C3315E177A65D50011318E /* photocamera.png in Resources */ = {isa = PBXBuildFile; fileRef = E4C3315D177A65D40011318E /* photocamera.png */; };
/* End PBXBuildFile section */

/* Begin PBXFileReference section */
		4B054C981772637D00353C5F /* EasyCatalogModel.xcdatamodel */ = {isa = PBXFileReference; lastKnownFileType = wrapper.xcdatamodel; path = EasyCatalogModel.xcdatamodel; sourceTree = "<group>"; };
		E4B858F5175EB51400C88BB0 /* EasyCatalog.app */ = {isa = PBXFileReference; explicitFileType = wrapper.application; includeInIndex = 0; path = EasyCatalog.app; sourceTree = BUILT_PRODUCTS_DIR; };
		E4B858F8175EB51400C88BB0 /* UIKit.framework */ = {isa = PBXFileReference; lastKnownFileType = wrapper.framework; name = UIKit.framework; path = System/Library/Frameworks/UIKit.framework; sourceTree = SDKROOT; };
		E4B858FA175EB51400C88BB0 /* Foundation.framework */ = {isa = PBXFileReference; lastKnownFileType = wrapper.framework; name = Foundation.framework; path = System/Library/Frameworks/Foundation.framework; sourceTree = SDKROOT; };
		E4B858FC175EB51400C88BB0 /* CoreGraphics.framework */ = {isa = PBXFileReference; lastKnownFileType = wrapper.framework; name = CoreGraphics.framework; path = System/Library/Frameworks/CoreGraphics.framework; sourceTree = SDKROOT; };
		E4B85900175EB51400C88BB0 /* EasyCatalog-Info.plist */ = {isa = PBXFileReference; lastKnownFileType = text.plist.xml; path = "EasyCatalog-Info.plist"; sourceTree = "<group>"; };
		E4B85902175EB51400C88BB0 /* en */ = {isa = PBXFileReference; lastKnownFileType = text.plist.strings; name = en; path = en.lproj/InfoPlist.strings; sourceTree = "<group>"; };
		E4B85904175EB51400C88BB0 /* main.m */ = {isa = PBXFileReference; lastKnownFileType = sourcecode.c.objc; path = main.m; sourceTree = "<group>"; };
		E4B85906175EB51400C88BB0 /* EasyCatalog-Prefix.pch */ = {isa = PBXFileReference; lastKnownFileType = sourcecode.c.h; path = "EasyCatalog-Prefix.pch"; sourceTree = "<group>"; };
		E4B85907175EB51400C88BB0 /* AppDelegate.h */ = {isa = PBXFileReference; lastKnownFileType = sourcecode.c.h; path = AppDelegate.h; sourceTree = "<group>"; };
		E4B85908175EB51400C88BB0 /* AppDelegate.m */ = {isa = PBXFileReference; lastKnownFileType = sourcecode.c.objc; path = AppDelegate.m; sourceTree = "<group>"; };
		E4B8590A175EB51400C88BB0 /* Default.png */ = {isa = PBXFileReference; lastKnownFileType = image.png; path = Default.png; sourceTree = "<group>"; };
		E4B8590C175EB51400C88BB0 /* Default@2x.png */ = {isa = PBXFileReference; lastKnownFileType = image.png; path = "Default@2x.png"; sourceTree = "<group>"; };
		E4B8590E175EB51400C88BB0 /* Default-568h@2x.png */ = {isa = PBXFileReference; lastKnownFileType = image.png; path = "Default-568h@2x.png"; sourceTree = "<group>"; };
		E4B85911175EB51400C88BB0 /* en */ = {isa = PBXFileReference; lastKnownFileType = file.storyboard; name = en; path = en.lproj/MainStoryboard.storyboard; sourceTree = "<group>"; };
		E4B85913175EB51400C88BB0 /* ViewController.h */ = {isa = PBXFileReference; lastKnownFileType = sourcecode.c.h; path = ViewController.h; sourceTree = "<group>"; };
		E4B85914175EB51400C88BB0 /* ViewController.m */ = {isa = PBXFileReference; lastKnownFileType = sourcecode.c.objc; path = ViewController.m; sourceTree = "<group>"; };
		E4C3315D177A65D40011318E /* photocamera.png */ = {isa = PBXFileReference; lastKnownFileType = image.png; path = photocamera.png; sourceTree = "<group>"; };
/* End PBXFileReference section */

/* Begin PBXFrameworksBuildPhase section */
		E4B858F2175EB51400C88BB0 /* Frameworks */ = {
			isa = PBXFrameworksBuildPhase;
			buildActionMask = 2147483647;
			files = (
				E4B858F9175EB51400C88BB0 /* UIKit.framework in Frameworks */,
				E4B858FB175EB51400C88BB0 /* Foundation.framework in Frameworks */,
				E4B858FD175EB51400C88BB0 /* CoreGraphics.framework in Frameworks */,
			);
			runOnlyForDeploymentPostprocessing = 0;
		};
/* End PBXFrameworksBuildPhase section */

/* Begin PBXGroup section */
		4B054C9A177263A800353C5F /* Model */ = {
			isa = PBXGroup;
			children = (
				4B054C971772637D00353C5F /* EasyCatalogModel.xcdatamodeld */,
			);
			name = Model;
			sourceTree = "<group>";
		};
		E4B858EC175EB51400C88BB0 = {
			isa = PBXGroup;
			children = (
				E4B858FE175EB51400C88BB0 /* EasyCatalog */,
				E4B858F7175EB51400C88BB0 /* Frameworks */,
				E4B858F6175EB51400C88BB0 /* Products */,
			);
			sourceTree = "<group>";
		};
		E4B858F6175EB51400C88BB0 /* Products */ = {
			isa = PBXGroup;
			children = (
				E4B858F5175EB51400C88BB0 /* EasyCatalog.app */,
			);
			name = Products;
			sourceTree = "<group>";
		};
		E4B858F7175EB51400C88BB0 /* Frameworks */ = {
			isa = PBXGroup;
			children = (
				E4B858F8175EB51400C88BB0 /* UIKit.framework */,
				E4B858FA175EB51400C88BB0 /* Foundation.framework */,
				E4B858FC175EB51400C88BB0 /* CoreGraphics.framework */,
			);
			name = Frameworks;
			sourceTree = "<group>";
		};
		E4B858FE175EB51400C88BB0 /* EasyCatalog */ = {
			isa = PBXGroup;
			children = (
				4B054C9A177263A800353C5F /* Model */,
				E4B85907175EB51400C88BB0 /* AppDelegate.h */,
				E4B85908175EB51400C88BB0 /* AppDelegate.m */,
				E4B85910175EB51400C88BB0 /* MainStoryboard.storyboard */,
				E4B85913175EB51400C88BB0 /* ViewController.h */,
				E4B85914175EB51400C88BB0 /* ViewController.m */,
				E4B858FF175EB51400C88BB0 /* Supporting Files */,
			);
			path = EasyCatalog;
			sourceTree = "<group>";
		};
		E4B858FF175EB51400C88BB0 /* Supporting Files */ = {
			isa = PBXGroup;
			children = (
				E4C3315D177A65D40011318E /* photocamera.png */,
				E4B85900175EB51400C88BB0 /* EasyCatalog-Info.plist */,
				E4B85901175EB51400C88BB0 /* InfoPlist.strings */,
				E4B85904175EB51400C88BB0 /* main.m */,
				E4B85906175EB51400C88BB0 /* EasyCatalog-Prefix.pch */,
				E4B8590A175EB51400C88BB0 /* Default.png */,
				E4B8590C175EB51400C88BB0 /* Default@2x.png */,
				E4B8590E175EB51400C88BB0 /* Default-568h@2x.png */,
			);
			name = "Supporting Files";
			sourceTree = "<group>";
		};
/* End PBXGroup section */

/* Begin PBXNativeTarget section */
		E4B858F4175EB51400C88BB0 /* EasyCatalog */ = {
			isa = PBXNativeTarget;
			buildConfigurationList = E4B85918175EB51400C88BB0 /* Build configuration list for PBXNativeTarget "EasyCatalog" */;
			buildPhases = (
				E4B858F1175EB51400C88BB0 /* Sources */,
				E4B858F2175EB51400C88BB0 /* Frameworks */,
				E4B858F3175EB51400C88BB0 /* Resources */,
			);
			buildRules = (
			);
			dependencies = (
			);
			name = EasyCatalog;
			productName = EasyCatalog;
			productReference = E4B858F5175EB51400C88BB0 /* EasyCatalog.app */;
			productType = "com.apple.product-type.application";
		};
/* End PBXNativeTarget section */

/* Begin PBXProject section */
		E4B858ED175EB51400C88BB0 /* Project object */ = {
			isa = PBXProject;
			attributes = {
				LastUpgradeCheck = 0460;
				ORGANIZATIONNAME = "The Mob Project";
			};
			buildConfigurationList = E4B858F0175EB51400C88BB0 /* Build configuration list for PBXProject "EasyCatalog" */;
			compatibilityVersion = "Xcode 3.2";
			developmentRegion = English;
			hasScannedForEncodings = 0;
			knownRegions = (
				en,
			);
			mainGroup = E4B858EC175EB51400C88BB0;
			productRefGroup = E4B858F6175EB51400C88BB0 /* Products */;
			projectDirPath = "";
			projectRoot = "";
			targets = (
				E4B858F4175EB51400C88BB0 /* EasyCatalog */,
			);
		};
/* End PBXProject section */

/* Begin PBXResourcesBuildPhase section */
		E4B858F3175EB51400C88BB0 /* Resources */ = {
			isa = PBXResourcesBuildPhase;
			buildActionMask = 2147483647;
			files = (
				E4B85903175EB51400C88BB0 /* InfoPlist.strings in Resources */,
				E4B8590B175EB51400C88BB0 /* Default.png in Resources */,
				E4B8590D175EB51400C88BB0 /* Default@2x.png in Resources */,
				E4B8590F175EB51400C88BB0 /* Default-568h@2x.png in Resources */,
				E4B85912175EB51400C88BB0 /* MainStoryboard.storyboard in Resources */,
				E4C3315E177A65D50011318E /* photocamera.png in Resources */,
			);
			runOnlyForDeploymentPostprocessing = 0;
		};
/* End PBXResourcesBuildPhase section */

/* Begin PBXSourcesBuildPhase section */
		E4B858F1175EB51400C88BB0 /* Sources */ = {
			isa = PBXSourcesBuildPhase;
			buildActionMask = 2147483647;
			files = (
				E4B85905175EB51400C88BB0 /* main.m in Sources */,
				E4B85909175EB51400C88BB0 /* AppDelegate.m in Sources */,
				E4B85915175EB51400C88BB0 /* ViewController.m in Sources */,
				4B054C991772637D00353C5F /* EasyCatalogModel.xcdatamodeld in Sources */,
			);
			runOnlyForDeploymentPostprocessing = 0;
		};
/* End PBXSourcesBuildPhase section */

/* Begin PBXVariantGroup section */
		E4B85901175EB51400C88BB0 /* InfoPlist.strings */ = {
			isa = PBXVariantGroup;
			children = (
				E4B85902175EB51400C88BB0 /* en */,
			);
			name = InfoPlist.strings;
			sourceTree = "<group>";
		};
		E4B85910175EB51400C88BB0 /* MainStoryboard.storyboard */ = {
			isa = PBXVariantGroup;
			children = (
				E4B85911175EB51400C88BB0 /* en */,
			);
			name = MainStoryboard.storyboard;
			sourceTree = "<group>";
		};
/* End PBXVariantGroup section */

/* Begin XCBuildConfiguration section */
		E4B85916175EB51400C88BB0 /* Debug */ = {
			isa = XCBuildConfiguration;
			buildSettings = {
				ALWAYS_SEARCH_USER_PATHS = NO;
				CLANG_CXX_LANGUAGE_STANDARD = "gnu++0x";
				CLANG_CXX_LIBRARY = "libc++";
				CLANG_ENABLE_OBJC_ARC = YES;
				CLANG_WARN_CONSTANT_CONVERSION = YES;
				CLANG_WARN_EMPTY_BODY = YES;
				CLANG_WARN_ENUM_CONVERSION = YES;
				CLANG_WARN_INT_CONVERSION = YES;
				CLANG_WARN__DUPLICATE_METHOD_MATCH = YES;
				"CODE_SIGN_IDENTITY[sdk=iphoneos*]" = "iPhone Developer";
				COPY_PHASE_STRIP = NO;
				GCC_C_LANGUAGE_STANDARD = gnu99;
				GCC_DYNAMIC_NO_PIC = NO;
				GCC_OPTIMIZATION_LEVEL = 0;
				GCC_PREPROCESSOR_DEFINITIONS = (
					"DEBUG=1",
					"$(inherited)",
				);
				GCC_SYMBOLS_PRIVATE_EXTERN = NO;
				GCC_WARN_ABOUT_RETURN_TYPE = YES;
				GCC_WARN_UNINITIALIZED_AUTOS = YES;
				GCC_WARN_UNUSED_VARIABLE = YES;
				IPHONEOS_DEPLOYMENT_TARGET = 6.1;
				ONLY_ACTIVE_ARCH = YES;
				SDKROOT = iphoneos;
			};
			name = Debug;
		};
		E4B85917175EB51400C88BB0 /* Release */ = {
			isa = XCBuildConfiguration;
			buildSettings = {
				ALWAYS_SEARCH_USER_PATHS = NO;
				CLANG_CXX_LANGUAGE_STANDARD = "gnu++0x";
				CLANG_CXX_LIBRARY = "libc++";
				CLANG_ENABLE_OBJC_ARC = YES;
				CLANG_WARN_CONSTANT_CONVERSION = YES;
				CLANG_WARN_EMPTY_BODY = YES;
				CLANG_WARN_ENUM_CONVERSION = YES;
				CLANG_WARN_INT_CONVERSION = YES;
				CLANG_WARN__DUPLICATE_METHOD_MATCH = YES;
				"CODE_SIGN_IDENTITY[sdk=iphoneos*]" = "iPhone Developer";
				COPY_PHASE_STRIP = YES;
				GCC_C_LANGUAGE_STANDARD = gnu99;
				GCC_WARN_ABOUT_RETURN_TYPE = YES;
				GCC_WARN_UNINITIALIZED_AUTOS = YES;
				GCC_WARN_UNUSED_VARIABLE = YES;
				IPHONEOS_DEPLOYMENT_TARGET = 6.1;
				OTHER_CFLAGS = "-DNS_BLOCK_ASSERTIONS=1";
				SDKROOT = iphoneos;
				VALIDATE_PRODUCT = YES;
			};
			name = Release;
		};
		E4B85919175EB51400C88BB0 /* Debug */ = {
			isa = XCBuildConfiguration;
			buildSettings = {
				GCC_PRECOMPILE_PREFIX_HEADER = YES;
				GCC_PREFIX_HEADER = "EasyCatalog/EasyCatalog-Prefix.pch";
				INFOPLIST_FILE = "EasyCatalog/EasyCatalog-Info.plist";
				PRODUCT_NAME = "$(TARGET_NAME)";
				WRAPPER_EXTENSION = app;
			};
			name = Debug;
		};
		E4B8591A175EB51400C88BB0 /* Release */ = {
			isa = XCBuildConfiguration;
			buildSettings = {
				GCC_PRECOMPILE_PREFIX_HEADER = YES;
				GCC_PREFIX_HEADER = "EasyCatalog/EasyCatalog-Prefix.pch";
				INFOPLIST_FILE = "EasyCatalog/EasyCatalog-Info.plist";
				PRODUCT_NAME = "$(TARGET_NAME)";
				WRAPPER_EXTENSION = app;
			};
			name = Release;
		};
/* End XCBuildConfiguration section */

/* Begin XCConfigurationList section */
		E4B858F0175EB51400C88BB0 /* Build configuration list for PBXProject "EasyCatalog" */ = {
			isa = XCConfigurationList;
			buildConfigurations = (
				E4B85916175EB51400C88BB0 /* Debug */,
				E4B85917175EB51400C88BB0 /* Release */,
			);
			defaultConfigurationIsVisible = 0;
			defaultConfigurationName = Release;
		};
		E4B85918175EB51400C88BB0 /* Build configuration list for PBXNativeTarget "EasyCatalog" */ = {
			isa = XCConfigurationList;
			buildConfigurations = (
				E4B85919175EB51400C88BB0 /* Debug */,
				E4B8591A175EB51400C88BB0 /* Release */,
			);
			defaultConfigurationIsVisible = 0;
			defaultConfigurationName = Release;
		};
/* End XCConfigurationList section */

/* Begin XCVersionGroup section */
		4B054C971772637D00353C5F /* EasyCatalogModel.xcdatamodeld */ = {
			isa = XCVersionGroup;
			children = (
				4B054C981772637D00353C5F /* EasyCatalogModel.xcdatamodel */,
			);
			currentVersion = 4B054C981772637D00353C5F /* EasyCatalogModel.xcdatamodel */;
			path = EasyCatalogModel.xcdatamodeld;
			sourceTree = "<group>";
			versionGroupType = wrapper.xcdatamodel;
		};
/* End XCVersionGroup section */
	};
	rootObject = E4B858ED175EB51400C88BB0 /* Project object */;
}
